github.com/BurntSushi/toml v0.3.1/go.mod h1:xHWCNGjB5oqiDr8zfno3MHue2Ht5sIBksp03qcyfWMU=
github.com/a8m/mark v0.1.0 h1:i6YA0mN1H6I6URVchOOUryq7BBVysn+rn6/t6NNuWYY=
github.com/a8m/mark v0.1.0/go.mod h1:c8Mh99Cw82nrsAnPgxQSZHkswVOJF7/MqZb1ZdvriLM=
github.com/a8m/mark v0.1.1-0.20170507133748-44f2db618845 h1:hIjQrEARcc9LcH8igte3JBpWBZ7+SpinU70dOjU/afo=
github.com/a8m/mark v0.1.1-0.20170507133748-44f2db618845/go.mod h1:c8Mh99Cw82nrsAnPgxQSZHkswVOJF7/MqZb1ZdvriLM=
github.com/gernest/wow v0.1.0 h1:g9xdwCwP0+xgVYlA2sopI0gZHqXe7HjI/7/LykG4fks=
github.com/gernest/wow v0.1.0/go.mod h1:dEPabJRi5BneI1Nev1VWo0ZlcTWibHWp43qxKms4elY=
github.com/minio/cli v1.20.0 h1:OVNIt8Rg5+mpYb8siWT2gBV5hvUyFbRvBikC+Ytvf5A=
github.com/minio/cli v1.20.0/go.mod h1:bYxnK0uS629N3Bq+AOZZ+6lwF77Sodk4+UL9vNuXhOY=
golang.org/x/crypto v0.0.0-20190103213133-ff983b9c42bc h1:F5tKCVGp+MUAHhKp5MZtGqAlGX3+oCsiL1Q629FL90M=
golang.org/x/crypto v0.0.0-20190103213133-ff983b9c42bc/go.mod h1:6SG95UA2DQfeDnfUPMdvaQW0Q7yPrPDi9nlGo2tz2b4=
golang.org/x/sys v0.0.0-20190116161447-11f53e031339 h1:g/Jesu8+QLnA0CPzF3E1pURg0Byr7i6jLoX5sqjcAh0=
golang.org/x/sys v0.0.0-20190116161447-11f53e031339/go.mod h1:STP8DvDyc/dI5b8T5hshtkjS+E42TnysNCUPdjciGhY=
gopkg.in/check.v1 v0.0.0-20161208181325-20d25e280405/go.mod h1:Co6ibVJAznAaIkqp8huTwlJQCZ016jof/cbN4VW5Yz0=
gopkg.in/urfave/cli.v1 v1.20.0/go.mod h1:vuBzUtMdQeixQj8LVd+/98pzhxNGQoyuPBlsXHOQNO0=
gopkg.in/yaml.v2 v2.2.2/go.mod h1:hI93XBmqTisBFMUTm0b8Fm+jr3Dg1NNxqwp+5A1VGuI=
